
Microsoft Visual Studio Solution File, Format Version 12.00
# Visual Studio Version 17
VisualStudioVersion = 17.0.31919.166
MinimumVisualStudioVersion = 10.0.40219.1
Project("{FAE04EC0-301F-11D3-BF4B-00C04F79EFBC}") = "AuthStudy", "AuthStudy\AuthStudy.csproj", "{CC8AC87D-B559-4807-A023-2567A9CED571}"
EndProject
Global
	GlobalSection(SolutionConfigurationPlatforms) = preSolution
		Debug|Any CPU = Debug|Any CPU
		Release|Any CPU = Release|Any CPU
	EndGlobalSection
	GlobalSection(ProjectConfigurationPlatforms) = postSolution
		{CC8AC87D-B559-4807-A023-2567A9CED571}.Debug|Any CPU.ActiveCfg = Debug|Any CPU
		{CC8AC87D-B559-4807-A023-2567A9CED571}.Debug|Any CPU.Build.0 = Debug|Any CPU
		{CC8AC87D-B559-4807-A023-2567A9CED571}.Release|Any CPU.ActiveCfg = Release|Any CPU
		{CC8AC87D-B559-4807-A023-2567A9CED571}.Release|Any CPU.Build.0 = Release|Any CPU
	EndGlobalSection
	GlobalSection(SolutionProperties) = preSolution
		HideSolutionNode = FALSE
	EndGlobalSection
	GlobalSection(ExtensibilityGlobals) = postSolution
		SolutionGuid = {3E7AA77A-BF86-41C6-A9D5-7A31365C5108}
	EndGlobalSection
EndGlobal
